// !$*UTF8*$!
{
	archiveVersion = 1;
	classes = {
	};
	objectVersion = 56;
	objects = {

/* Begin PBXBuildFile section */
		512A2DAE2A78492E00115AFC /* AppDelegate.swift in Sources */ = {isa = PBXBuildFile; fileRef = 512A2DAD2A78492E00115AFC /* AppDelegate.swift */; };
		512A2DB02A78492E00115AFC /* SceneDelegate.swift in Sources */ = {isa = PBXBuildFile; fileRef = 512A2DAF2A78492E00115AFC /* SceneDelegate.swift */; };
		512A2DB72A78493000115AFC /* Assets.xcassets in Resources */ = {isa = PBXBuildFile; fileRef = 512A2DB62A78493000115AFC /* Assets.xcassets */; };
		512A2DBA2A78493000115AFC /* LaunchScreen.storyboard in Resources */ = {isa = PBXBuildFile; fileRef = 512A2DB82A78493000115AFC /* LaunchScreen.storyboard */; };
		512A2DC22A7849C800115AFC /* MainTabBarController.swift in Sources */ = {isa = PBXBuildFile; fileRef = 512A2DC12A7849C800115AFC /* MainTabBarController.swift */; };
		512A2DC52A784CCA00115AFC /* SearchViewController.swift in Sources */ = {isa = PBXBuildFile; fileRef = 512A2DC42A784CCA00115AFC /* SearchViewController.swift */; };
		512A2DC72A784CD400115AFC /* AppsSearchController.swift in Sources */ = {isa = PBXBuildFile; fileRef = 512A2DC62A784CD400115AFC /* AppsSearchController.swift */; };
		512A2DC92A784CE100115AFC /* TodayViewController.swift in Sources */ = {isa = PBXBuildFile; fileRef = 512A2DC82A784CE100115AFC /* TodayViewController.swift */; };
		512A2DCC2A79125900115AFC /* SearchResultCell.swift in Sources */ = {isa = PBXBuildFile; fileRef = 512A2DCB2A79125900115AFC /* SearchResultCell.swift */; };
		512A2DCF2A791AED00115AFC /* UIView+layout.swift in Sources */ = {isa = PBXBuildFile; fileRef = 512A2DCE2A791AED00115AFC /* UIView+layout.swift */; };
		512A2DD12A7941E700115AFC /* VerticalStackView.swift in Sources */ = {isa = PBXBuildFile; fileRef = 512A2DD02A7941E700115AFC /* VerticalStackView.swift */; };
/* End PBXBuildFile section */

/* Begin PBXFileReference section */
		512A2DAA2A78492E00115AFC /* AppStoreLBTA.app */ = {isa = PBXFileReference; explicitFileType = wrapper.application; includeInIndex = 0; path = AppStoreLBTA.app; sourceTree = BUILT_PRODUCTS_DIR; };
		512A2DAD2A78492E00115AFC /* AppDelegate.swift */ = {isa = PBXFileReference; lastKnownFileType = sourcecode.swift; path = AppDelegate.swift; sourceTree = "<group>"; };
		512A2DAF2A78492E00115AFC /* SceneDelegate.swift */ = {isa = PBXFileReference; lastKnownFileType = sourcecode.swift; path = SceneDelegate.swift; sourceTree = "<group>"; };
		512A2DB62A78493000115AFC /* Assets.xcassets */ = {isa = PBXFileReference; lastKnownFileType = folder.assetcatalog; path = Assets.xcassets; sourceTree = "<group>"; };
		512A2DB92A78493000115AFC /* Base */ = {isa = PBXFileReference; lastKnownFileType = file.storyboard; name = Base; path = Base.lproj/LaunchScreen.storyboard; sourceTree = "<group>"; };
		512A2DBB2A78493000115AFC /* Info.plist */ = {isa = PBXFileReference; lastKnownFileType = text.plist.xml; path = Info.plist; sourceTree = "<group>"; };
		512A2DC12A7849C800115AFC /* MainTabBarController.swift */ = {isa = PBXFileReference; lastKnownFileType = sourcecode.swift; path = MainTabBarController.swift; sourceTree = "<group>"; };
		512A2DC42A784CCA00115AFC /* SearchViewController.swift */ = {isa = PBXFileReference; lastKnownFileType = sourcecode.swift; path = SearchViewController.swift; sourceTree = "<group>"; };
		512A2DC62A784CD400115AFC /* AppsSearchController.swift */ = {isa = PBXFileReference; lastKnownFileType = sourcecode.swift; path = AppsSearchController.swift; sourceTree = "<group>"; };
		512A2DC82A784CE100115AFC /* TodayViewController.swift */ = {isa = PBXFileReference; lastKnownFileType = sourcecode.swift; path = TodayViewController.swift; sourceTree = "<group>"; };
		512A2DCB2A79125900115AFC /* SearchResultCell.swift */ = {isa = PBXFileReference; lastKnownFileType = sourcecode.swift; path = SearchResultCell.swift; sourceTree = "<group>"; };
		512A2DCE2A791AED00115AFC /* UIView+layout.swift */ = {isa = PBXFileReference; lastKnownFileType = sourcecode.swift; path = "UIView+layout.swift"; sourceTree = "<group>"; };
		512A2DD02A7941E700115AFC /* VerticalStackView.swift */ = {isa = PBXFileReference; lastKnownFileType = sourcecode.swift; path = VerticalStackView.swift; sourceTree = "<group>"; };
/* End PBXFileReference section */

/* Begin PBXFrameworksBuildPhase section */
		512A2DA72A78492E00115AFC /* Frameworks */ = {
			isa = PBXFrameworksBuildPhase;
			buildActionMask = 2147483647;
			files = (
			);
			runOnlyForDeploymentPostprocessing = 0;
		};
/* End PBXFrameworksBuildPhase section */

/* Begin PBXGroup section */
		512A2DA12A78492E00115AFC = {
			isa = PBXGroup;
			children = (
				512A2DAC2A78492E00115AFC /* AppStoreLBTA */,
				512A2DAB2A78492E00115AFC /* Products */,
			);
			sourceTree = "<group>";
		};
		512A2DAB2A78492E00115AFC /* Products */ = {
			isa = PBXGroup;
			children = (
				512A2DAA2A78492E00115AFC /* AppStoreLBTA.app */,
			);
			name = Products;
			sourceTree = "<group>";
		};
		512A2DAC2A78492E00115AFC /* AppStoreLBTA */ = {
			isa = PBXGroup;
			children = (
				512A2DCD2A791AD100115AFC /* Helpers */,
				512A2DCA2A79123A00115AFC /* Views */,
				512A2DC32A784CA100115AFC /* Controllers */,
				512A2DAD2A78492E00115AFC /* AppDelegate.swift */,
				512A2DAF2A78492E00115AFC /* SceneDelegate.swift */,
				512A2DC12A7849C800115AFC /* MainTabBarController.swift */,
				512A2DB62A78493000115AFC /* Assets.xcassets */,
				512A2DB82A78493000115AFC /* LaunchScreen.storyboard */,
				512A2DBB2A78493000115AFC /* Info.plist */,
			);
			path = AppStoreLBTA;
			sourceTree = "<group>";
		};
		512A2DC32A784CA100115AFC /* Controllers */ = {
			isa = PBXGroup;
			children = (
				512A2DC42A784CCA00115AFC /* SearchViewController.swift */,
				512A2DC62A784CD400115AFC /* AppsSearchController.swift */,
				512A2DC82A784CE100115AFC /* TodayViewController.swift */,
			);
			path = Controllers;
			sourceTree = "<group>";
		};
		512A2DCA2A79123A00115AFC /* Views */ = {
			isa = PBXGroup;
			children = (
				512A2DCB2A79125900115AFC /* SearchResultCell.swift */,
			);
			path = Views;
			sourceTree = "<group>";
		};
		512A2DCD2A791AD100115AFC /* Helpers */ = {
			isa = PBXGroup;
			children = (
				512A2DCE2A791AED00115AFC /* UIView+layout.swift */,
				512A2DD02A7941E700115AFC /* VerticalStackView.swift */,
			);
			path = Helpers;
			sourceTree = "<group>";
		};
/* End PBXGroup section */

/* Begin PBXNativeTarget section */
		512A2DA92A78492E00115AFC /* AppStoreLBTA */ = {
			isa = PBXNativeTarget;
			buildConfigurationList = 512A2DBE2A78493000115AFC /* Build configuration list for PBXNativeTarget "AppStoreLBTA" */;
			buildPhases = (
				512A2DA62A78492E00115AFC /* Sources */,
				512A2DA72A78492E00115AFC /* Frameworks */,
				512A2DA82A78492E00115AFC /* Resources */,
			);
			buildRules = (
			);
			dependencies = (
			);
			name = AppStoreLBTA;
			productName = AppStoreLBTA;
			productReference = 512A2DAA2A78492E00115AFC /* AppStoreLBTA.app */;
			productType = "com.apple.product-type.application";
		};
/* End PBXNativeTarget section */

/* Begin PBXProject section */
		512A2DA22A78492E00115AFC /* Project object */ = {
			isa = PBXProject;
			attributes = {
				BuildIndependentTargetsInParallel = 1;
				LastSwiftUpdateCheck = 1430;
				LastUpgradeCheck = 1430;
				TargetAttributes = {
					512A2DA92A78492E00115AFC = {
						CreatedOnToolsVersion = 14.3;
					};
				};
			};
			buildConfigurationList = 512A2DA52A78492E00115AFC /* Build configuration list for PBXProject "AppStoreLBTA" */;
			compatibilityVersion = "Xcode 14.0";
			developmentRegion = en;
			hasScannedForEncodings = 0;
			knownRegions = (
				en,
				Base,
			);
			mainGroup = 512A2DA12A78492E00115AFC;
			productRefGroup = 512A2DAB2A78492E00115AFC /* Products */;
			projectDirPath = "";
			projectRoot = "";
			targets = (
				512A2DA92A78492E00115AFC /* AppStoreLBTA */,
			);
		};
/* End PBXProject section */

/* Begin PBXResourcesBuildPhase section */
		512A2DA82A78492E00115AFC /* Resources */ = {
			isa = PBXResourcesBuildPhase;
			buildActionMask = 2147483647;
			files = (
				512A2DBA2A78493000115AFC /* LaunchScreen.storyboard in Resources */,
				512A2DB72A78493000115AFC /* Assets.xcassets in Resources */,
			);
			runOnlyForDeploymentPostprocessing = 0;
		};
/* End PBXResourcesBuildPhase section */

/* Begin PBXSourcesBuildPhase section */
		512A2DA62A78492E00115AFC /* Sources */ = {
			isa = PBXSourcesBuildPhase;
			buildActionMask = 2147483647;
			files = (
				512A2DCF2A791AED00115AFC /* UIView+layout.swift in Sources */,
				512A2DD12A7941E700115AFC /* VerticalStackView.swift in Sources */,
				512A2DCC2A79125900115AFC /* SearchResultCell.swift in Sources */,
				512A2DC22A7849C800115AFC /* MainTabBarController.swift in Sources */,
				512A2DC72A784CD400115AFC /* AppsSearchController.swift in Sources */,
				512A2DC92A784CE100115AFC /* TodayViewController.swift in Sources */,
				512A2DAE2A78492E00115AFC /* AppDelegate.swift in Sources */,
				512A2DC52A784CCA00115AFC /* SearchViewController.swift in Sources */,
				512A2DB02A78492E00115AFC /* SceneDelegate.swift in Sources */,
			);
			runOnlyForDeploymentPostprocessing = 0;
		};
/* End PBXSourcesBuildPhase section */

/* Begin PBXVariantGroup section */
		512A2DB82A78493000115AFC /* LaunchScreen.storyboard */ = {
			isa = PBXVariantGroup;
			children = (
				512A2DB92A78493000115AFC /* Base */,
			);
			name = LaunchScreen.storyboard;
			sourceTree = "<group>";
		};
/* End PBXVariantGroup section */

/* Begin XCBuildConfiguration section */
		512A2DBC2A78493000115AFC /* Debug */ = {
			isa = XCBuildConfiguration;
			buildSettings = {
				ALWAYS_SEARCH_USER_PATHS = NO;
				CLANG_ANALYZER_NONNULL = YES;
				CLANG_ANALYZER_NUMBER_OBJECT_CONVERSION = YES_AGGRESSIVE;
				CLANG_CXX_LANGUAGE_STANDARD = "gnu++20";
				CLANG_ENABLE_MODULES = YES;
				CLANG_ENABLE_OBJC_ARC = YES;
				CLANG_ENABLE_OBJC_WEAK = YES;
				CLANG_WARN_BLOCK_CAPTURE_AUTORELEASING = YES;
				CLANG_WARN_BOOL_CONVERSION = YES;
				CLANG_WARN_COMMA = YES;
				CLANG_WARN_CONSTANT_CONVERSION = YES;
				CLANG_WARN_DEPRECATED_OBJC_IMPLEMENTATIONS = YES;
				CLANG_WARN_DIRECT_OBJC_ISA_USAGE = YES_ERROR;
				CLANG_WARN_DOCUMENTATION_COMMENTS = YES;
				CLANG_WARN_EMPTY_BODY = YES;
				CLANG_WARN_ENUM_CONVERSION = YES;
				CLANG_WARN_INFINITE_RECURSION = YES;
				CLANG_WARN_INT_CONVERSION = YES;
				CLANG_WARN_NON_LITERAL_NULL_CONVERSION = YES;
				CLANG_WARN_OBJC_IMPLICIT_RETAIN_SELF = YES;
				CLANG_WARN_OBJC_LITERAL_CONVERSION = YES;
				CLANG_WARN_OBJC_ROOT_CLASS = YES_ERROR;
				CLANG_WARN_QUOTED_INCLUDE_IN_FRAMEWORK_HEADER = YES;
				CLANG_WARN_RANGE_LOOP_ANALYSIS = YES;
				CLANG_WARN_STRICT_PROTOTYPES = YES;
				CLANG_WARN_SUSPICIOUS_MOVE = YES;
				CLANG_WARN_UNGUARDED_AVAILABILITY = YES_AGGRESSIVE;
				CLANG_WARN_UNREACHABLE_CODE = YES;
				CLANG_WARN__DUPLICATE_METHOD_MATCH = YES;
				COPY_PHASE_STRIP = NO;
				DEBUG_INFORMATION_FORMAT = dwarf;
				ENABLE_STRICT_OBJC_MSGSEND = YES;
				ENABLE_TESTABILITY = YES;
				GCC_C_LANGUAGE_STANDARD = gnu11;
				GCC_DYNAMIC_NO_PIC = NO;
				GCC_NO_COMMON_BLOCKS = YES;
				GCC_OPTIMIZATION_LEVEL = 0;
				GCC_PREPROCESSOR_DEFINITIONS = (
					"DEBUG=1",
					"$(inherited)",
				);
				GCC_WARN_64_TO_32_BIT_CONVERSION = YES;
				GCC_WARN_ABOUT_RETURN_TYPE = YES_ERROR;
				GCC_WARN_UNDECLARED_SELECTOR = YES;
				GCC_WARN_UNINITIALIZED_AUTOS = YES_AGGRESSIVE;
				GCC_WARN_UNUSED_FUNCTION = YES;
				GCC_WARN_UNUSED_VARIABLE = YES;
				IPHONEOS_DEPLOYMENT_TARGET = 16.4;
				MTL_ENABLE_DEBUG_INFO = INCLUDE_SOURCE;
				MTL_FAST_MATH = YES;
				ONLY_ACTIVE_ARCH = YES;
				SDKROOT = iphoneos;
				SWIFT_ACTIVE_COMPILATION_CONDITIONS = DEBUG;
				SWIFT_OPTIMIZATION_LEVEL = "-Onone";
			};
			name = Debug;
		};
		512A2DBD2A78493000115AFC /* Release */ = {
			isa = XCBuildConfiguration;
			buildSettings = {
				ALWAYS_SEARCH_USER_PATHS = NO;
				CLANG_ANALYZER_NONNULL = YES;
				CLANG_ANALYZER_NUMBER_OBJECT_CONVERSION = YES_AGGRESSIVE;
				CLANG_CXX_LANGUAGE_STANDARD = "gnu++20";
				CLANG_ENABLE_MODULES = YES;
				CLANG_ENABLE_OBJC_ARC = YES;
				CLANG_ENABLE_OBJC_WEAK = YES;
				CLANG_WARN_BLOCK_CAPTURE_AUTORELEASING = YES;
				CLANG_WARN_BOOL_CONVERSION = YES;
				CLANG_WARN_COMMA = YES;
				CLANG_WARN_CONSTANT_CONVERSION = YES;
				CLANG_WARN_DEPRECATED_OBJC_IMPLEMENTATIONS = YES;
				CLANG_WARN_DIRECT_OBJC_ISA_USAGE = YES_ERROR;
				CLANG_WARN_DOCUMENTATION_COMMENTS = YES;
				CLANG_WARN_EMPTY_BODY = YES;
				CLANG_WARN_ENUM_CONVERSION = YES;
				CLANG_WARN_INFINITE_RECURSION = YES;
				CLANG_WARN_INT_CONVERSION = YES;
				CLANG_WARN_NON_LITERAL_NULL_CONVERSION = YES;
				CLANG_WARN_OBJC_IMPLICIT_RETAIN_SELF = YES;
				CLANG_WARN_OBJC_LITERAL_CONVERSION = YES;
				CLANG_WARN_OBJC_ROOT_CLASS = YES_ERROR;
				CLANG_WARN_QUOTED_INCLUDE_IN_FRAMEWORK_HEADER = YES;
				CLANG_WARN_RANGE_LOOP_ANALYSIS = YES;
				CLANG_WARN_STRICT_PROTOTYPES = YES;
				CLANG_WARN_SUSPICIOUS_MOVE = YES;
				CLANG_WARN_UNGUARDED_AVAILABILITY = YES_AGGRESSIVE;
				CLANG_WARN_UNREACHABLE_CODE = YES;
				CLANG_WARN__DUPLICATE_METHOD_MATCH = YES;
				COPY_PHASE_STRIP = NO;
				DEBUG_INFORMATION_FORMAT = "dwarf-with-dsym";
				ENABLE_NS_ASSERTIONS = NO;
				ENABLE_STRICT_OBJC_MSGSEND = YES;
				GCC_C_LANGUAGE_STANDARD = gnu11;
				GCC_NO_COMMON_BLOCKS = YES;
				GCC_WARN_64_TO_32_BIT_CONVERSION = YES;
				GCC_WARN_ABOUT_RETURN_TYPE = YES_ERROR;
				GCC_WARN_UNDECLARED_SELECTOR = YES;
				GCC_WARN_UNINITIALIZED_AUTOS = YES_AGGRESSIVE;
				GCC_WARN_UNUSED_FUNCTION = YES;
				GCC_WARN_UNUSED_VARIABLE = YES;
				IPHONEOS_DEPLOYMENT_TARGET = 16.4;
				MTL_ENABLE_DEBUG_INFO = NO;
				MTL_FAST_MATH = YES;
				SDKROOT = iphoneos;
				SWIFT_COMPILATION_MODE = wholemodule;
				SWIFT_OPTIMIZATION_LEVEL = "-O";
				VALIDATE_PRODUCT = YES;
			};
			name = Release;
		};
		512A2DBF2A78493000115AFC /* Debug */ = {
			isa = XCBuildConfiguration;
			buildSettings = {
				ASSETCATALOG_COMPILER_APPICON_NAME = AppIcon;
				ASSETCATALOG_COMPILER_GLOBAL_ACCENT_COLOR_NAME = AccentColor;
				CODE_SIGN_STYLE = Automatic;
				CURRENT_PROJECT_VERSION = 1;
				GENERATE_INFOPLIST_FILE = YES;
				INFOPLIST_FILE = AppStoreLBTA/Info.plist;
				INFOPLIST_KEY_UIApplicationSupportsIndirectInputEvents = YES;
				INFOPLIST_KEY_UILaunchStoryboardName = LaunchScreen;
				INFOPLIST_KEY_UISupportedInterfaceOrientations_iPad = "UIInterfaceOrientationPortrait UIInterfaceOrientationPortraitUpsideDown UIInterfaceOrientationLandscapeLeft UIInterfaceOrientationLandscapeRight";
				INFOPLIST_KEY_UISupportedInterfaceOrientations_iPhone = "UIInterfaceOrientationPortrait UIInterfaceOrientationLandscapeLeft UIInterfaceOrientationLandscapeRight";
				LD_RUNPATH_SEARCH_PATHS = (
					"$(inherited)",
					"@executable_path/Frameworks",
				);
				MARKETING_VERSION = 1.0;
				PRODUCT_BUNDLE_IDENTIFIER = io.gangburit.AppStoreLBTA;
				PRODUCT_NAME = "$(TARGET_NAME)";
				SWIFT_EMIT_LOC_STRINGS = YES;
				SWIFT_VERSION = 5.0;
				TARGETED_DEVICE_FAMILY = "1,2";
			};
			name = Debug;
		};
		512A2DC02A78493000115AFC /* Release */ = {
			isa = XCBuildConfiguration;
			buildSettings = {
				ASSETCATALOG_COMPILER_APPICON_NAME = AppIcon;
				ASSETCATALOG_COMPILER_GLOBAL_ACCENT_COLOR_NAME = AccentColor;
				CODE_SIGN_STYLE = Automatic;
				CURRENT_PROJECT_VERSION = 1;
				GENERATE_INFOPLIST_FILE = YES;
				INFOPLIST_FILE = AppStoreLBTA/Info.plist;
				INFOPLIST_KEY_UIApplicationSupportsIndirectInputEvents = YES;
				INFOPLIST_KEY_UILaunchStoryboardName = LaunchScreen;
				INFOPLIST_KEY_UISupportedInterfaceOrientations_iPad = "UIInterfaceOrientationPortrait UIInterfaceOrientationPortraitUpsideDown UIInterfaceOrientationLandscapeLeft UIInterfaceOrientationLandscapeRight";
				INFOPLIST_KEY_UISupportedInterfaceOrientations_iPhone = "UIInterfaceOrientationPortrait UIInterfaceOrientationLandscapeLeft UIInterfaceOrientationLandscapeRight";
				LD_RUNPATH_SEARCH_PATHS = (
					"$(inherited)",
					"@executable_path/Frameworks",
				);
				MARKETING_VERSION = 1.0;
				PRODUCT_BUNDLE_IDENTIFIER = io.gangburit.AppStoreLBTA;
				PRODUCT_NAME = "$(TARGET_NAME)";
				SWIFT_EMIT_LOC_STRINGS = YES;
				SWIFT_VERSION = 5.0;
				TARGETED_DEVICE_FAMILY = "1,2";
			};
			name = Release;
		};
/* End XCBuildConfiguration section */

/* Begin XCConfigurationList section */
		512A2DA52A78492E00115AFC /* Build configuration list for PBXProject "AppStoreLBTA" */ = {
			isa = XCConfigurationList;
			buildConfigurations = (
				512A2DBC2A78493000115AFC /* Debug */,
				512A2DBD2A78493000115AFC /* Release */,
			);
			defaultConfigurationIsVisible = 0;
			defaultConfigurationName = Release;
		};
		512A2DBE2A78493000115AFC /* Build configuration list for PBXNativeTarget "AppStoreLBTA" */ = {
			isa = XCConfigurationList;
			buildConfigurations = (
				512A2DBF2A78493000115AFC /* Debug */,
				512A2DC02A78493000115AFC /* Release */,
			);
			defaultConfigurationIsVisible = 0;
			defaultConfigurationName = Release;
		};
/* End XCConfigurationList section */
	};
	rootObject = 512A2DA22A78492E00115AFC /* Project object */;
}
